
Microsoft Visual Studio Solution File, Format Version 11.00
# Visual Studio 2010
Project("{8BC9CEB8-8B4A-11D0-8D11-00A0C91BC942}") = "Pyllow", "Pyllow\Pyllow.vcxproj", "{68A62D4F-E852-470A-88BB-3B4334AF3892}"
EndProject
Project("{8BC9CEB8-8B4A-11D0-8D11-00A0C91BC942}") = "ollyapi", "ollyapi\ollyapi.vcxproj", "{408589DB-7369-4900-9FF7-D49289DDC08B}"
EndProject
Global
	GlobalSection(SolutionConfigurationPlatforms) = preSolution
		Debug|Win32 = Debug|Win32
		Release|Win32 = Release|Win32
	EndGlobalSection
	GlobalSection(ProjectConfigurationPlatforms) = postSolution
		{68A62D4F-E852-470A-88BB-3B4334AF3892}.Debug|Win32.ActiveCfg = Debug|Win32
		{68A62D4F-E852-470A-88BB-3B4334AF3892}.Debug|Win32.Build.0 = Debug|Win32
		{68A62D4F-E852-470A-88BB-3B4334AF3892}.Release|Win32.ActiveCfg = Release|Win32
		{68A62D4F-E852-470A-88BB-3B4334AF3892}.Release|Win32.Build.0 = Release|Win32
		{408589DB-7369-4900-9FF7-D49289DDC08B}.Debug|Win32.ActiveCfg = Debug|Win32
		{408589DB-7369-4900-9FF7-D49289DDC08B}.Debug|Win32.Build.0 = Debug|Win32
		{408589DB-7369-4900-9FF7-D49289DDC08B}.Release|Win32.ActiveCfg = Release|Win32
		{408589DB-7369-4900-9FF7-D49289DDC08B}.Release|Win32.Build.0 = Release|Win32
	EndGlobalSection
	GlobalSection(SolutionProperties) = preSolution
		HideSolutionNode = FALSE
	EndGlobalSection
EndGlobal
